
Microsoft Visual Studio Solution File, Format Version 12.00
# Visual Studio Version 17
VisualStudioVersion = 17.7.34221.43
MinimumVisualStudioVersion = 10.0.40219.1
Project("{FAE04EC0-301F-11D3-BF4B-00C04F79EFBC}") = "Day17", "Day17\Day17.csproj", "{D26F48CE-DE2B-4900-AC66-8855D3FE6637}"
EndProject
Project("{FAE04EC0-301F-11D3-BF4B-00C04F79EFBC}") = "day17lib", "..\day17lib\day17lib.csproj", "{6ED751C6-477D-4AF6-B030-A879A36B9C51}"
EndProject
Global
	GlobalSection(SolutionConfigurationPlatforms) = preSolution
		Debug|Any CPU = Debug|Any CPU
		Release|Any CPU = Release|Any CPU
	EndGlobalSection
	GlobalSection(ProjectConfigurationPlatforms) = postSolution
		{D26F48CE-DE2B-4900-AC66-8855D3FE6637}.Debug|Any CPU.ActiveCfg = Debug|Any CPU
		{D26F48CE-DE2B-4900-AC66-8855D3FE6637}.Debug|Any CPU.Build.0 = Debug|Any CPU
		{D26F48CE-DE2B-4900-AC66-8855D3FE6637}.Release|Any CPU.ActiveCfg = Release|Any CPU
		{D26F48CE-DE2B-4900-AC66-8855D3FE6637}.Release|Any CPU.Build.0 = Release|Any CPU
		{6ED751C6-477D-4AF6-B030-A879A36B9C51}.Debug|Any CPU.ActiveCfg = Debug|Any CPU
		{6ED751C6-477D-4AF6-B030-A879A36B9C51}.Debug|Any CPU.Build.0 = Debug|Any CPU
		{6ED751C6-477D-4AF6-B030-A879A36B9C51}.Release|Any CPU.ActiveCfg = Release|Any CPU
		{6ED751C6-477D-4AF6-B030-A879A36B9C51}.Release|Any CPU.Build.0 = Release|Any CPU
	EndGlobalSection
	GlobalSection(SolutionProperties) = preSolution
		HideSolutionNode = FALSE
	EndGlobalSection
	GlobalSection(ExtensibilityGlobals) = postSolution
		SolutionGuid = {8BF55C64-3DA9-4B97-90A0-586BFB4B4BE6}
	EndGlobalSection
EndGlobal
